
Microsoft Visual Studio Solution File, Format Version 12.00
# Visual Studio Version 16
VisualStudioVersion = 16.0.31911.196
MinimumVisualStudioVersion = 10.0.40219.1
Project("{9A19103F-16F7-4668-BE54-9A1E7A4F7556}") = "MLModel1_ConsoleApp1", "MLModel1_ConsoleApp1\MLModel1_ConsoleApp1.csproj", "{C1B9D850-C935-4345-8A11-4732B06A2CBF}"
EndProject
Project("{FAE04EC0-301F-11D3-BF4B-00C04F79EFBC}") = "MachineLearning.Business", "MachineLearning.Business\MachineLearning.Business.csproj", "{C08B4817-0FBB-426E-97C5-C597B96C3B8D}"
EndProject
Project("{9A19103F-16F7-4668-BE54-9A1E7A4F7556}") = "MachineLearning.Entities", "MachineLearning.Entities\MachineLearning.Entities.csproj", "{B04E4AAB-6384-4E33-9715-15DD404164A7}"
EndProject
Global
	GlobalSection(SolutionConfigurationPlatforms) = preSolution
		Debug|Any CPU = Debug|Any CPU
		Release|Any CPU = Release|Any CPU
	EndGlobalSection
	GlobalSection(ProjectConfigurationPlatforms) = postSolution
		{C1B9D850-C935-4345-8A11-4732B06A2CBF}.Debug|Any CPU.ActiveCfg = Debug|Any CPU
		{C1B9D850-C935-4345-8A11-4732B06A2CBF}.Debug|Any CPU.Build.0 = Debug|Any CPU
		{C1B9D850-C935-4345-8A11-4732B06A2CBF}.Release|Any CPU.ActiveCfg = Release|Any CPU
		{C1B9D850-C935-4345-8A11-4732B06A2CBF}.Release|Any CPU.Build.0 = Release|Any CPU
		{C08B4817-0FBB-426E-97C5-C597B96C3B8D}.Debug|Any CPU.ActiveCfg = Debug|Any CPU
		{C08B4817-0FBB-426E-97C5-C597B96C3B8D}.Debug|Any CPU.Build.0 = Debug|Any CPU
		{C08B4817-0FBB-426E-97C5-C597B96C3B8D}.Release|Any CPU.ActiveCfg = Release|Any CPU
		{C08B4817-0FBB-426E-97C5-C597B96C3B8D}.Release|Any CPU.Build.0 = Release|Any CPU
		{B04E4AAB-6384-4E33-9715-15DD404164A7}.Debug|Any CPU.ActiveCfg = Debug|Any CPU
		{B04E4AAB-6384-4E33-9715-15DD404164A7}.Debug|Any CPU.Build.0 = Debug|Any CPU
		{B04E4AAB-6384-4E33-9715-15DD404164A7}.Release|Any CPU.ActiveCfg = Release|Any CPU
		{B04E4AAB-6384-4E33-9715-15DD404164A7}.Release|Any CPU.Build.0 = Release|Any CPU
	EndGlobalSection
	GlobalSection(SolutionProperties) = preSolution
		HideSolutionNode = FALSE
	EndGlobalSection
	GlobalSection(ExtensibilityGlobals) = postSolution
		SolutionGuid = {00E0ED11-EC6A-4135-93D8-6F465C7B2A7B}
	EndGlobalSection
EndGlobal
